// !$*UTF8*$!
{
	archiveVersion = 1;
	classes = {
	};
	objectVersion = 56;
	objects = {

/* Begin PBXBuildFile section */
		BDEB1F552A1A4C7700BF5A9E /* AppDelegate.swift in Sources */ = {isa = PBXBuildFile; fileRef = BDEB1F542A1A4C7700BF5A9E /* AppDelegate.swift */; };
		BDEB1F572A1A4C7700BF5A9E /* SceneDelegate.swift in Sources */ = {isa = PBXBuildFile; fileRef = BDEB1F562A1A4C7700BF5A9E /* SceneDelegate.swift */; };
		BDEB1F592A1A4C7700BF5A9E /* ViewController.swift in Sources */ = {isa = PBXBuildFile; fileRef = BDEB1F582A1A4C7700BF5A9E /* ViewController.swift */; };
		BDEB1F5C2A1A4C7700BF5A9E /* Main.storyboard in Resources */ = {isa = PBXBuildFile; fileRef = BDEB1F5A2A1A4C7700BF5A9E /* Main.storyboard */; };
		BDEB1F5E2A1A4C7700BF5A9E /* Assets.xcassets in Resources */ = {isa = PBXBuildFile; fileRef = BDEB1F5D2A1A4C7700BF5A9E /* Assets.xcassets */; };
		BDEB1F612A1A4C7700BF5A9E /* LaunchScreen.storyboard in Resources */ = {isa = PBXBuildFile; fileRef = BDEB1F5F2A1A4C7700BF5A9E /* LaunchScreen.storyboard */; };
/* End PBXBuildFile section */

/* Begin PBXFileReference section */
		BDEB1F512A1A4C7700BF5A9E /* Local Notifications.app */ = {isa = PBXFileReference; explicitFileType = wrapper.application; includeInIndex = 0; path = "Local Notifications.app"; sourceTree = BUILT_PRODUCTS_DIR; };
		BDEB1F542A1A4C7700BF5A9E /* AppDelegate.swift */ = {isa = PBXFileReference; lastKnownFileType = sourcecode.swift; path = AppDelegate.swift; sourceTree = "<group>"; };
		BDEB1F562A1A4C7700BF5A9E /* SceneDelegate.swift */ = {isa = PBXFileReference; lastKnownFileType = sourcecode.swift; path = SceneDelegate.swift; sourceTree = "<group>"; };
		BDEB1F582A1A4C7700BF5A9E /* ViewController.swift */ = {isa = PBXFileReference; lastKnownFileType = sourcecode.swift; path = ViewController.swift; sourceTree = "<group>"; };
		BDEB1F5B2A1A4C7700BF5A9E /* Base */ = {isa = PBXFileReference; lastKnownFileType = file.storyboard; name = Base; path = Base.lproj/Main.storyboard; sourceTree = "<group>"; };
		BDEB1F5D2A1A4C7700BF5A9E /* Assets.xcassets */ = {isa = PBXFileReference; lastKnownFileType = folder.assetcatalog; path = Assets.xcassets; sourceTree = "<group>"; };
		BDEB1F602A1A4C7700BF5A9E /* Base */ = {isa = PBXFileReference; lastKnownFileType = file.storyboard; name = Base; path = Base.lproj/LaunchScreen.storyboard; sourceTree = "<group>"; };
		BDEB1F622A1A4C7700BF5A9E /* Info.plist */ = {isa = PBXFileReference; lastKnownFileType = text.plist.xml; path = Info.plist; sourceTree = "<group>"; };
/* End PBXFileReference section */

/* Begin PBXFrameworksBuildPhase section */
		BDEB1F4E2A1A4C7700BF5A9E /* Frameworks */ = {
			isa = PBXFrameworksBuildPhase;
			buildActionMask = 2147483647;
			files = (
			);
			runOnlyForDeploymentPostprocessing = 0;
		};
/* End PBXFrameworksBuildPhase section */

/* Begin PBXGroup section */
		BDEB1F482A1A4C7700BF5A9E = {
			isa = PBXGroup;
			children = (
				BDEB1F532A1A4C7700BF5A9E /* Local Notifications */,
				BDEB1F522A1A4C7700BF5A9E /* Products */,
			);
			sourceTree = "<group>";
		};
		BDEB1F522A1A4C7700BF5A9E /* Products */ = {
			isa = PBXGroup;
			children = (
				BDEB1F512A1A4C7700BF5A9E /* Local Notifications.app */,
			);
			name = Products;
			sourceTree = "<group>";
		};
		BDEB1F532A1A4C7700BF5A9E /* Local Notifications */ = {
			isa = PBXGroup;
			children = (
				BDEB1F542A1A4C7700BF5A9E /* AppDelegate.swift */,
				BDEB1F562A1A4C7700BF5A9E /* SceneDelegate.swift */,
				BDEB1F582A1A4C7700BF5A9E /* ViewController.swift */,
				BDEB1F5A2A1A4C7700BF5A9E /* Main.storyboard */,
				BDEB1F5D2A1A4C7700BF5A9E /* Assets.xcassets */,
				BDEB1F5F2A1A4C7700BF5A9E /* LaunchScreen.storyboard */,
				BDEB1F622A1A4C7700BF5A9E /* Info.plist */,
			);
			path = "Local Notifications";
			sourceTree = "<group>";
		};
/* End PBXGroup section */

/* Begin PBXNativeTarget section */
		BDEB1F502A1A4C7700BF5A9E /* Local Notifications */ = {
			isa = PBXNativeTarget;
			buildConfigurationList = BDEB1F652A1A4C7700BF5A9E /* Build configuration list for PBXNativeTarget "Local Notifications" */;
			buildPhases = (
				BDEB1F4D2A1A4C7700BF5A9E /* Sources */,
				BDEB1F4E2A1A4C7700BF5A9E /* Frameworks */,
				BDEB1F4F2A1A4C7700BF5A9E /* Resources */,
			);
			buildRules = (
			);
			dependencies = (
			);
			name = "Local Notifications";
			productName = "Local Notifications";
			productReference = BDEB1F512A1A4C7700BF5A9E /* Local Notifications.app */;
			productType = "com.apple.product-type.application";
		};
/* End PBXNativeTarget section */

/* Begin PBXProject section */
		BDEB1F492A1A4C7700BF5A9E /* Project object */ = {
			isa = PBXProject;
			attributes = {
				BuildIndependentTargetsInParallel = 1;
				LastSwiftUpdateCheck = 1430;
				LastUpgradeCheck = 1430;
				TargetAttributes = {
					BDEB1F502A1A4C7700BF5A9E = {
						CreatedOnToolsVersion = 14.3;
					};
				};
			};
			buildConfigurationList = BDEB1F4C2A1A4C7700BF5A9E /* Build configuration list for PBXProject "Local Notifications" */;
			compatibilityVersion = "Xcode 14.0";
			developmentRegion = en;
			hasScannedForEncodings = 0;
			knownRegions = (
				en,
				Base,
			);
			mainGroup = BDEB1F482A1A4C7700BF5A9E;
			productRefGroup = BDEB1F522A1A4C7700BF5A9E /* Products */;
			projectDirPath = "";
			projectRoot = "";
			targets = (
				BDEB1F502A1A4C7700BF5A9E /* Local Notifications */,
			);
		};
/* End PBXProject section */

/* Begin PBXResourcesBuildPhase section */
		BDEB1F4F2A1A4C7700BF5A9E /* Resources */ = {
			isa = PBXResourcesBuildPhase;
			buildActionMask = 2147483647;
			files = (
				BDEB1F612A1A4C7700BF5A9E /* LaunchScreen.storyboard in Resources */,
				BDEB1F5E2A1A4C7700BF5A9E /* Assets.xcassets in Resources */,
				BDEB1F5C2A1A4C7700BF5A9E /* Main.storyboard in Resources */,
			);
			runOnlyForDeploymentPostprocessing = 0;
		};
/* End PBXResourcesBuildPhase section */

/* Begin PBXSourcesBuildPhase section */
		BDEB1F4D2A1A4C7700BF5A9E /* Sources */ = {
			isa = PBXSourcesBuildPhase;
			buildActionMask = 2147483647;
			files = (
				BDEB1F592A1A4C7700BF5A9E /* ViewController.swift in Sources */,
				BDEB1F552A1A4C7700BF5A9E /* AppDelegate.swift in Sources */,
				BDEB1F572A1A4C7700BF5A9E /* SceneDelegate.swift in Sources */,
			);
			runOnlyForDeploymentPostprocessing = 0;
		};
/* End PBXSourcesBuildPhase section */

/* Begin PBXVariantGroup section */
		BDEB1F5A2A1A4C7700BF5A9E /* Main.storyboard */ = {
			isa = PBXVariantGroup;
			children = (
				BDEB1F5B2A1A4C7700BF5A9E /* Base */,
			);
			name = Main.storyboard;
			sourceTree = "<group>";
		};
		BDEB1F5F2A1A4C7700BF5A9E /* LaunchScreen.storyboard */ = {
			isa = PBXVariantGroup;
			children = (
				BDEB1F602A1A4C7700BF5A9E /* Base */,
			);
			name = LaunchScreen.storyboard;
			sourceTree = "<group>";
		};
/* End PBXVariantGroup section */

/* Begin XCBuildConfiguration section */
		BDEB1F632A1A4C7700BF5A9E /* Debug */ = {
			isa = XCBuildConfiguration;
			buildSettings = {
				ALWAYS_SEARCH_USER_PATHS = NO;
				CLANG_ANALYZER_NONNULL = YES;
				CLANG_ANALYZER_NUMBER_OBJECT_CONVERSION = YES_AGGRESSIVE;
				CLANG_CXX_LANGUAGE_STANDARD = "gnu++20";
				CLANG_ENABLE_MODULES = YES;
				CLANG_ENABLE_OBJC_ARC = YES;
				CLANG_ENABLE_OBJC_WEAK = YES;
				CLANG_WARN_BLOCK_CAPTURE_AUTORELEASING = YES;
				CLANG_WARN_BOOL_CONVERSION = YES;
				CLANG_WARN_COMMA = YES;
				CLANG_WARN_CONSTANT_CONVERSION = YES;
				CLANG_WARN_DEPRECATED_OBJC_IMPLEMENTATIONS = YES;
				CLANG_WARN_DIRECT_OBJC_ISA_USAGE = YES_ERROR;
				CLANG_WARN_DOCUMENTATION_COMMENTS = YES;
				CLANG_WARN_EMPTY_BODY = YES;
				CLANG_WARN_ENUM_CONVERSION = YES;
				CLANG_WARN_INFINITE_RECURSION = YES;
				CLANG_WARN_INT_CONVERSION = YES;
				CLANG_WARN_NON_LITERAL_NULL_CONVERSION = YES;
				CLANG_WARN_OBJC_IMPLICIT_RETAIN_SELF = YES;
				CLANG_WARN_OBJC_LITERAL_CONVERSION = YES;
				CLANG_WARN_OBJC_ROOT_CLASS = YES_ERROR;
				CLANG_WARN_QUOTED_INCLUDE_IN_FRAMEWORK_HEADER = YES;
				CLANG_WARN_RANGE_LOOP_ANALYSIS = YES;
				CLANG_WARN_STRICT_PROTOTYPES = YES;
				CLANG_WARN_SUSPICIOUS_MOVE = YES;
				CLANG_WARN_UNGUARDED_AVAILABILITY = YES_AGGRESSIVE;
				CLANG_WARN_UNREACHABLE_CODE = YES;
				CLANG_WARN__DUPLICATE_METHOD_MATCH = YES;
				COPY_PHASE_STRIP = NO;
				DEBUG_INFORMATION_FORMAT = dwarf;
				ENABLE_STRICT_OBJC_MSGSEND = YES;
				ENABLE_TESTABILITY = YES;
				GCC_C_LANGUAGE_STANDARD = gnu11;
				GCC_DYNAMIC_NO_PIC = NO;
				GCC_NO_COMMON_BLOCKS = YES;
				GCC_OPTIMIZATION_LEVEL = 0;
				GCC_PREPROCESSOR_DEFINITIONS = (
					"DEBUG=1",
					"$(inherited)",
				);
				GCC_WARN_64_TO_32_BIT_CONVERSION = YES;
				GCC_WARN_ABOUT_RETURN_TYPE = YES_ERROR;
				GCC_WARN_UNDECLARED_SELECTOR = YES;
				GCC_WARN_UNINITIALIZED_AUTOS = YES_AGGRESSIVE;
				GCC_WARN_UNUSED_FUNCTION = YES;
				GCC_WARN_UNUSED_VARIABLE = YES;
				IPHONEOS_DEPLOYMENT_TARGET = 16.4;
				MTL_ENABLE_DEBUG_INFO = INCLUDE_SOURCE;
				MTL_FAST_MATH = YES;
				ONLY_ACTIVE_ARCH = YES;
				SDKROOT = iphoneos;
				SWIFT_ACTIVE_COMPILATION_CONDITIONS = DEBUG;
				SWIFT_OPTIMIZATION_LEVEL = "-Onone";
			};
			name = Debug;
		};
		BDEB1F642A1A4C7700BF5A9E /* Release */ = {
			isa = XCBuildConfiguration;
			buildSettings = {
				ALWAYS_SEARCH_USER_PATHS = NO;
				CLANG_ANALYZER_NONNULL = YES;
				CLANG_ANALYZER_NUMBER_OBJECT_CONVERSION = YES_AGGRESSIVE;
				CLANG_CXX_LANGUAGE_STANDARD = "gnu++20";
				CLANG_ENABLE_MODULES = YES;
				CLANG_ENABLE_OBJC_ARC = YES;
				CLANG_ENABLE_OBJC_WEAK = YES;
				CLANG_WARN_BLOCK_CAPTURE_AUTORELEASING = YES;
				CLANG_WARN_BOOL_CONVERSION = YES;
				CLANG_WARN_COMMA = YES;
				CLANG_WARN_CONSTANT_CONVERSION = YES;
				CLANG_WARN_DEPRECATED_OBJC_IMPLEMENTATIONS = YES;
				CLANG_WARN_DIRECT_OBJC_ISA_USAGE = YES_ERROR;
				CLANG_WARN_DOCUMENTATION_COMMENTS = YES;
				CLANG_WARN_EMPTY_BODY = YES;
				CLANG_WARN_ENUM_CONVERSION = YES;
				CLANG_WARN_INFINITE_RECURSION = YES;
				CLANG_WARN_INT_CONVERSION = YES;
				CLANG_WARN_NON_LITERAL_NULL_CONVERSION = YES;
				CLANG_WARN_OBJC_IMPLICIT_RETAIN_SELF = YES;
				CLANG_WARN_OBJC_LITERAL_CONVERSION = YES;
				CLANG_WARN_OBJC_ROOT_CLASS = YES_ERROR;
				CLANG_WARN_QUOTED_INCLUDE_IN_FRAMEWORK_HEADER = YES;
				CLANG_WARN_RANGE_LOOP_ANALYSIS = YES;
				CLANG_WARN_STRICT_PROTOTYPES = YES;
				CLANG_WARN_SUSPICIOUS_MOVE = YES;
				CLANG_WARN_UNGUARDED_AVAILABILITY = YES_AGGRESSIVE;
				CLANG_WARN_UNREACHABLE_CODE = YES;
				CLANG_WARN__DUPLICATE_METHOD_MATCH = YES;
				COPY_PHASE_STRIP = NO;
				DEBUG_INFORMATION_FORMAT = "dwarf-with-dsym";
				ENABLE_NS_ASSERTIONS = NO;
				ENABLE_STRICT_OBJC_MSGSEND = YES;
				GCC_C_LANGUAGE_STANDARD = gnu11;
				GCC_NO_COMMON_BLOCKS = YES;
				GCC_WARN_64_TO_32_BIT_CONVERSION = YES;
				GCC_WARN_ABOUT_RETURN_TYPE = YES_ERROR;
				GCC_WARN_UNDECLARED_SELECTOR = YES;
				GCC_WARN_UNINITIALIZED_AUTOS = YES_AGGRESSIVE;
				GCC_WARN_UNUSED_FUNCTION = YES;
				GCC_WARN_UNUSED_VARIABLE = YES;
				IPHONEOS_DEPLOYMENT_TARGET = 16.4;
				MTL_ENABLE_DEBUG_INFO = NO;
				MTL_FAST_MATH = YES;
				SDKROOT = iphoneos;
				SWIFT_COMPILATION_MODE = wholemodule;
				SWIFT_OPTIMIZATION_LEVEL = "-O";
				VALIDATE_PRODUCT = YES;
			};
			name = Release;
		};
		BDEB1F662A1A4C7700BF5A9E /* Debug */ = {
			isa = XCBuildConfiguration;
			buildSettings = {
				ASSETCATALOG_COMPILER_APPICON_NAME = AppIcon;
				ASSETCATALOG_COMPILER_GLOBAL_ACCENT_COLOR_NAME = AccentColor;
				CODE_SIGN_STYLE = Automatic;
				CURRENT_PROJECT_VERSION = 1;
				DEVELOPMENT_TEAM = 3B5DUCPRT7;
				GENERATE_INFOPLIST_FILE = YES;
				INFOPLIST_FILE = "Local Notifications/Info.plist";
				INFOPLIST_KEY_UIApplicationSupportsIndirectInputEvents = YES;
				INFOPLIST_KEY_UILaunchStoryboardName = LaunchScreen;
				INFOPLIST_KEY_UIMainStoryboardFile = Main;
				INFOPLIST_KEY_UISupportedInterfaceOrientations_iPad = "UIInterfaceOrientationPortrait UIInterfaceOrientationPortraitUpsideDown UIInterfaceOrientationLandscapeLeft UIInterfaceOrientationLandscapeRight";
				INFOPLIST_KEY_UISupportedInterfaceOrientations_iPhone = "UIInterfaceOrientationPortrait UIInterfaceOrientationLandscapeLeft UIInterfaceOrientationLandscapeRight";
				LD_RUNPATH_SEARCH_PATHS = (
					"$(inherited)",
					"@executable_path/Frameworks",
				);
				MARKETING_VERSION = 1.0;
				PRODUCT_BUNDLE_IDENTIFIER = "com.example.Local-Notifications";
				PRODUCT_NAME = "$(TARGET_NAME)";
				SWIFT_EMIT_LOC_STRINGS = YES;
				SWIFT_VERSION = 5.0;
				TARGETED_DEVICE_FAMILY = "1,2";
			};
			name = Debug;
		};
		BDEB1F672A1A4C7700BF5A9E /* Release */ = {
			isa = XCBuildConfiguration;
			buildSettings = {
				ASSETCATALOG_COMPILER_APPICON_NAME = AppIcon;
				ASSETCATALOG_COMPILER_GLOBAL_ACCENT_COLOR_NAME = AccentColor;
				CODE_SIGN_STYLE = Automatic;
				CURRENT_PROJECT_VERSION = 1;
				DEVELOPMENT_TEAM = 3B5DUCPRT7;
				GENERATE_INFOPLIST_FILE = YES;
				INFOPLIST_FILE = "Local Notifications/Info.plist";
				INFOPLIST_KEY_UIApplicationSupportsIndirectInputEvents = YES;
				INFOPLIST_KEY_UILaunchStoryboardName = LaunchScreen;
				INFOPLIST_KEY_UIMainStoryboardFile = Main;
				INFOPLIST_KEY_UISupportedInterfaceOrientations_iPad = "UIInterfaceOrientationPortrait UIInterfaceOrientationPortraitUpsideDown UIInterfaceOrientationLandscapeLeft UIInterfaceOrientationLandscapeRight";
				INFOPLIST_KEY_UISupportedInterfaceOrientations_iPhone = "UIInterfaceOrientationPortrait UIInterfaceOrientationLandscapeLeft UIInterfaceOrientationLandscapeRight";
				LD_RUNPATH_SEARCH_PATHS = (
					"$(inherited)",
					"@executable_path/Frameworks",
				);
				MARKETING_VERSION = 1.0;
				PRODUCT_BUNDLE_IDENTIFIER = "com.example.Local-Notifications";
				PRODUCT_NAME = "$(TARGET_NAME)";
				SWIFT_EMIT_LOC_STRINGS = YES;
				SWIFT_VERSION = 5.0;
				TARGETED_DEVICE_FAMILY = "1,2";
			};
			name = Release;
		};
/* End XCBuildConfiguration section */

/* Begin XCConfigurationList section */
		BDEB1F4C2A1A4C7700BF5A9E /* Build configuration list for PBXProject "Local Notifications" */ = {
			isa = XCConfigurationList;
			buildConfigurations = (
				BDEB1F632A1A4C7700BF5A9E /* Debug */,
				BDEB1F642A1A4C7700BF5A9E /* Release */,
			);
			defaultConfigurationIsVisible = 0;
			defaultConfigurationName = Release;
		};
		BDEB1F652A1A4C7700BF5A9E /* Build configuration list for PBXNativeTarget "Local Notifications" */ = {
			isa = XCConfigurationList;
			buildConfigurations = (
				BDEB1F662A1A4C7700BF5A9E /* Debug */,
				BDEB1F672A1A4C7700BF5A9E /* Release */,
			);
			defaultConfigurationIsVisible = 0;
			defaultConfigurationName = Release;
		};
/* End XCConfigurationList section */
	};
	rootObject = BDEB1F492A1A4C7700BF5A9E /* Project object */;
}
